
Microsoft Visual Studio Solution File, Format Version 12.00
# Visual Studio Version 16
VisualStudioVersion = 16.6.30114.105
MinimumVisualStudioVersion = 10.0.40219.1
Project("{FAE04EC0-301F-11D3-BF4B-00C04F79EFBC}") = "Cilindro", "Cilindro\Cilindro.csproj", "{B8FA2988-CC1E-4301-8B4E-B477CB1B21E4}"
EndProject
Project("{FAE04EC0-301F-11D3-BF4B-00C04F79EFBC}") = "ValoresEspeciais", "ValoresEspeciais\ValoresEspeciais.csproj", "{7524FA4A-D792-4B2D-B6DE-3BFD2181018F}"
EndProject
Project("{FAE04EC0-301F-11D3-BF4B-00C04F79EFBC}") = "SkynetPatternSwitch", "SkynetPatternSwitch\SkynetPatternSwitch.csproj", "{840F309A-E42E-4FB7-B42C-1ADA663C7DC2}"
EndProject
Project("{FAE04EC0-301F-11D3-BF4B-00C04F79EFBC}") = "ChatBot", "ChatBot\ChatBot.csproj", "{B4A961D6-FE96-45A7-B9A8-4C40B378F967}"
EndProject
Project("{FAE04EC0-301F-11D3-BF4B-00C04F79EFBC}") = "Piramide", "Piramide\Piramide.csproj", "{EF7D9F1E-0A05-4910-B8D3-5D2881D8C832}"
EndProject
Global
	GlobalSection(SolutionConfigurationPlatforms) = preSolution
		Debug|Any CPU = Debug|Any CPU
		Debug|x64 = Debug|x64
		Debug|x86 = Debug|x86
		Release|Any CPU = Release|Any CPU
		Release|x64 = Release|x64
		Release|x86 = Release|x86
	EndGlobalSection
	GlobalSection(SolutionProperties) = preSolution
		HideSolutionNode = FALSE
	EndGlobalSection
	GlobalSection(ProjectConfigurationPlatforms) = postSolution
		{B8FA2988-CC1E-4301-8B4E-B477CB1B21E4}.Debug|Any CPU.ActiveCfg = Debug|Any CPU
		{B8FA2988-CC1E-4301-8B4E-B477CB1B21E4}.Debug|Any CPU.Build.0 = Debug|Any CPU
		{B8FA2988-CC1E-4301-8B4E-B477CB1B21E4}.Debug|x64.ActiveCfg = Debug|Any CPU
		{B8FA2988-CC1E-4301-8B4E-B477CB1B21E4}.Debug|x64.Build.0 = Debug|Any CPU
		{B8FA2988-CC1E-4301-8B4E-B477CB1B21E4}.Debug|x86.ActiveCfg = Debug|Any CPU
		{B8FA2988-CC1E-4301-8B4E-B477CB1B21E4}.Debug|x86.Build.0 = Debug|Any CPU
		{B8FA2988-CC1E-4301-8B4E-B477CB1B21E4}.Release|Any CPU.ActiveCfg = Release|Any CPU
		{B8FA2988-CC1E-4301-8B4E-B477CB1B21E4}.Release|Any CPU.Build.0 = Release|Any CPU
		{B8FA2988-CC1E-4301-8B4E-B477CB1B21E4}.Release|x64.ActiveCfg = Release|Any CPU
		{B8FA2988-CC1E-4301-8B4E-B477CB1B21E4}.Release|x64.Build.0 = Release|Any CPU
		{B8FA2988-CC1E-4301-8B4E-B477CB1B21E4}.Release|x86.ActiveCfg = Release|Any CPU
		{B8FA2988-CC1E-4301-8B4E-B477CB1B21E4}.Release|x86.Build.0 = Release|Any CPU
		{7524FA4A-D792-4B2D-B6DE-3BFD2181018F}.Debug|Any CPU.ActiveCfg = Debug|Any CPU
		{7524FA4A-D792-4B2D-B6DE-3BFD2181018F}.Debug|Any CPU.Build.0 = Debug|Any CPU
		{7524FA4A-D792-4B2D-B6DE-3BFD2181018F}.Debug|x64.ActiveCfg = Debug|Any CPU
		{7524FA4A-D792-4B2D-B6DE-3BFD2181018F}.Debug|x64.Build.0 = Debug|Any CPU
		{7524FA4A-D792-4B2D-B6DE-3BFD2181018F}.Debug|x86.ActiveCfg = Debug|Any CPU
		{7524FA4A-D792-4B2D-B6DE-3BFD2181018F}.Debug|x86.Build.0 = Debug|Any CPU
		{7524FA4A-D792-4B2D-B6DE-3BFD2181018F}.Release|Any CPU.ActiveCfg = Release|Any CPU
		{7524FA4A-D792-4B2D-B6DE-3BFD2181018F}.Release|Any CPU.Build.0 = Release|Any CPU
		{7524FA4A-D792-4B2D-B6DE-3BFD2181018F}.Release|x64.ActiveCfg = Release|Any CPU
		{7524FA4A-D792-4B2D-B6DE-3BFD2181018F}.Release|x64.Build.0 = Release|Any CPU
		{7524FA4A-D792-4B2D-B6DE-3BFD2181018F}.Release|x86.ActiveCfg = Release|Any CPU
		{7524FA4A-D792-4B2D-B6DE-3BFD2181018F}.Release|x86.Build.0 = Release|Any CPU
		{840F309A-E42E-4FB7-B42C-1ADA663C7DC2}.Debug|Any CPU.ActiveCfg = Debug|Any CPU
		{840F309A-E42E-4FB7-B42C-1ADA663C7DC2}.Debug|Any CPU.Build.0 = Debug|Any CPU
		{840F309A-E42E-4FB7-B42C-1ADA663C7DC2}.Debug|x64.ActiveCfg = Debug|Any CPU
		{840F309A-E42E-4FB7-B42C-1ADA663C7DC2}.Debug|x64.Build.0 = Debug|Any CPU
		{840F309A-E42E-4FB7-B42C-1ADA663C7DC2}.Debug|x86.ActiveCfg = Debug|Any CPU
		{840F309A-E42E-4FB7-B42C-1ADA663C7DC2}.Debug|x86.Build.0 = Debug|Any CPU
		{840F309A-E42E-4FB7-B42C-1ADA663C7DC2}.Release|Any CPU.ActiveCfg = Release|Any CPU
		{840F309A-E42E-4FB7-B42C-1ADA663C7DC2}.Release|Any CPU.Build.0 = Release|Any CPU
		{840F309A-E42E-4FB7-B42C-1ADA663C7DC2}.Release|x64.ActiveCfg = Release|Any CPU
		{840F309A-E42E-4FB7-B42C-1ADA663C7DC2}.Release|x64.Build.0 = Release|Any CPU
		{840F309A-E42E-4FB7-B42C-1ADA663C7DC2}.Release|x86.ActiveCfg = Release|Any CPU
		{840F309A-E42E-4FB7-B42C-1ADA663C7DC2}.Release|x86.Build.0 = Release|Any CPU
		{B4A961D6-FE96-45A7-B9A8-4C40B378F967}.Debug|Any CPU.ActiveCfg = Debug|Any CPU
		{B4A961D6-FE96-45A7-B9A8-4C40B378F967}.Debug|Any CPU.Build.0 = Debug|Any CPU
		{B4A961D6-FE96-45A7-B9A8-4C40B378F967}.Debug|x64.ActiveCfg = Debug|Any CPU
		{B4A961D6-FE96-45A7-B9A8-4C40B378F967}.Debug|x64.Build.0 = Debug|Any CPU
		{B4A961D6-FE96-45A7-B9A8-4C40B378F967}.Debug|x86.ActiveCfg = Debug|Any CPU
		{B4A961D6-FE96-45A7-B9A8-4C40B378F967}.Debug|x86.Build.0 = Debug|Any CPU
		{B4A961D6-FE96-45A7-B9A8-4C40B378F967}.Release|Any CPU.ActiveCfg = Release|Any CPU
		{B4A961D6-FE96-45A7-B9A8-4C40B378F967}.Release|Any CPU.Build.0 = Release|Any CPU
		{B4A961D6-FE96-45A7-B9A8-4C40B378F967}.Release|x64.ActiveCfg = Release|Any CPU
		{B4A961D6-FE96-45A7-B9A8-4C40B378F967}.Release|x64.Build.0 = Release|Any CPU
		{B4A961D6-FE96-45A7-B9A8-4C40B378F967}.Release|x86.ActiveCfg = Release|Any CPU
		{B4A961D6-FE96-45A7-B9A8-4C40B378F967}.Release|x86.Build.0 = Release|Any CPU
		{EF7D9F1E-0A05-4910-B8D3-5D2881D8C832}.Debug|Any CPU.ActiveCfg = Debug|Any CPU
		{EF7D9F1E-0A05-4910-B8D3-5D2881D8C832}.Debug|Any CPU.Build.0 = Debug|Any CPU
		{EF7D9F1E-0A05-4910-B8D3-5D2881D8C832}.Debug|x64.ActiveCfg = Debug|Any CPU
		{EF7D9F1E-0A05-4910-B8D3-5D2881D8C832}.Debug|x64.Build.0 = Debug|Any CPU
		{EF7D9F1E-0A05-4910-B8D3-5D2881D8C832}.Debug|x86.ActiveCfg = Debug|Any CPU
		{EF7D9F1E-0A05-4910-B8D3-5D2881D8C832}.Debug|x86.Build.0 = Debug|Any CPU
		{EF7D9F1E-0A05-4910-B8D3-5D2881D8C832}.Release|Any CPU.ActiveCfg = Release|Any CPU
		{EF7D9F1E-0A05-4910-B8D3-5D2881D8C832}.Release|Any CPU.Build.0 = Release|Any CPU
		{EF7D9F1E-0A05-4910-B8D3-5D2881D8C832}.Release|x64.ActiveCfg = Release|Any CPU
		{EF7D9F1E-0A05-4910-B8D3-5D2881D8C832}.Release|x64.Build.0 = Release|Any CPU
		{EF7D9F1E-0A05-4910-B8D3-5D2881D8C832}.Release|x86.ActiveCfg = Release|Any CPU
		{EF7D9F1E-0A05-4910-B8D3-5D2881D8C832}.Release|x86.Build.0 = Release|Any CPU
	EndGlobalSection
EndGlobal
